
Microsoft Visual Studio Solution File, Format Version 12.00
# Visual Studio Version 17
VisualStudioVersion = 17.4.33103.184
MinimumVisualStudioVersion = 10.0.40219.1
Project("{FAE04EC0-301F-11D3-BF4B-00C04F79EFBC}") = "CSharp", "CSharp\CSharp.csproj", "{F29D7AA9-D371-4E0D-AB2A-939F68905F8E}"
EndProject
Global
	GlobalSection(SolutionConfigurationPlatforms) = preSolution
		Debug|Any CPU = Debug|Any CPU
		Release|Any CPU = Release|Any CPU
	EndGlobalSection
	GlobalSection(ProjectConfigurationPlatforms) = postSolution
		{F29D7AA9-D371-4E0D-AB2A-939F68905F8E}.Debug|Any CPU.ActiveCfg = Debug|Any CPU
		{F29D7AA9-D371-4E0D-AB2A-939F68905F8E}.Debug|Any CPU.Build.0 = Debug|Any CPU
		{F29D7AA9-D371-4E0D-AB2A-939F68905F8E}.Release|Any CPU.ActiveCfg = Release|Any CPU
		{F29D7AA9-D371-4E0D-AB2A-939F68905F8E}.Release|Any CPU.Build.0 = Release|Any CPU
	EndGlobalSection
	GlobalSection(SolutionProperties) = preSolution
		HideSolutionNode = FALSE
	EndGlobalSection
	GlobalSection(ExtensibilityGlobals) = postSolution
		SolutionGuid = {DC058538-5D03-4F8C-A665-FC6FCABF5D3A}
	EndGlobalSection
EndGlobal
