
Microsoft Visual Studio Solution File, Format Version 12.00
# Visual Studio Version 17
VisualStudioVersion = 17.4.33103.184
MinimumVisualStudioVersion = 10.0.40219.1
Project("{FAE04EC0-301F-11D3-BF4B-00C04F79EFBC}") = "CSharp", "CSharp\CSharp.csproj", "{37F13866-506D-43D4-8A97-FA9D51C58DAB}"
EndProject
Global
	GlobalSection(SolutionConfigurationPlatforms) = preSolution
		Debug|Any CPU = Debug|Any CPU
		Release|Any CPU = Release|Any CPU
	EndGlobalSection
	GlobalSection(ProjectConfigurationPlatforms) = postSolution
		{37F13866-506D-43D4-8A97-FA9D51C58DAB}.Debug|Any CPU.ActiveCfg = Debug|Any CPU
		{37F13866-506D-43D4-8A97-FA9D51C58DAB}.Debug|Any CPU.Build.0 = Debug|Any CPU
		{37F13866-506D-43D4-8A97-FA9D51C58DAB}.Release|Any CPU.ActiveCfg = Release|Any CPU
		{37F13866-506D-43D4-8A97-FA9D51C58DAB}.Release|Any CPU.Build.0 = Release|Any CPU
	EndGlobalSection
	GlobalSection(SolutionProperties) = preSolution
		HideSolutionNode = FALSE
	EndGlobalSection
	GlobalSection(ExtensibilityGlobals) = postSolution
		SolutionGuid = {6CA65F56-05BA-46A3-8687-8DF4DA299F81}
	EndGlobalSection
EndGlobal
